
Microsoft Visual Studio Solution File, Format Version 12.00
# Visual Studio Version 17
VisualStudioVersion = 17.5.002.0
MinimumVisualStudioVersion = 10.0.40219.1
Project("{9A19103F-16F7-4668-BE54-9A1E7A4F7556}") = "seven-days-of-code", "seven-days-of-code.csproj", "{F8AD364C-1FE5-4186-BBD7-AD764FFD781B}"
EndProject
Global
	GlobalSection(SolutionConfigurationPlatforms) = preSolution
		Debug|Any CPU = Debug|Any CPU
		Release|Any CPU = Release|Any CPU
	EndGlobalSection
	GlobalSection(ProjectConfigurationPlatforms) = postSolution
		{F8AD364C-1FE5-4186-BBD7-AD764FFD781B}.Debug|Any CPU.ActiveCfg = Debug|Any CPU
		{F8AD364C-1FE5-4186-BBD7-AD764FFD781B}.Debug|Any CPU.Build.0 = Debug|Any CPU
		{F8AD364C-1FE5-4186-BBD7-AD764FFD781B}.Release|Any CPU.ActiveCfg = Release|Any CPU
		{F8AD364C-1FE5-4186-BBD7-AD764FFD781B}.Release|Any CPU.Build.0 = Release|Any CPU
	EndGlobalSection
	GlobalSection(SolutionProperties) = preSolution
		HideSolutionNode = FALSE
	EndGlobalSection
	GlobalSection(ExtensibilityGlobals) = postSolution
		SolutionGuid = {62E6871A-3EA2-4ECD-86A2-28D8B5C45147}
	EndGlobalSection
EndGlobal
